
Microsoft Visual Studio Solution File, Format Version 12.00
# Visual Studio Version 17
VisualStudioVersion = 17.14.37314.3 d17.14
MinimumVisualStudioVersion = 10.0.40219.1
Project("{FAE04EC0-301F-11D3-BF4B-00C04F79EFBC}") = "AdvancedTicTacToeWinForms", "AdvancedTicTacToeWinForms.csproj", "{A1CAB6E6-E569-462E-A7B1-C4CEC0633D1D}"
EndProject
Global
	GlobalSection(SolutionConfigurationPlatforms) = preSolution
		Debug|Any CPU = Debug|Any CPU
		Release|Any CPU = Release|Any CPU
	EndGlobalSection
	GlobalSection(ProjectConfigurationPlatforms) = postSolution
		{A1CAB6E6-E569-462E-A7B1-C4CEC0633D1D}.Debug|Any CPU.ActiveCfg = Debug|Any CPU
		{A1CAB6E6-E569-462E-A7B1-C4CEC0633D1D}.Debug|Any CPU.Build.0 = Debug|Any CPU
		{A1CAB6E6-E569-462E-A7B1-C4CEC0633D1D}.Release|Any CPU.ActiveCfg = Release|Any CPU
		{A1CAB6E6-E569-462E-A7B1-C4CEC0633D1D}.Release|Any CPU.Build.0 = Release|Any CPU
	EndGlobalSection
	GlobalSection(SolutionProperties) = preSolution
		HideSolutionNode = FALSE
	EndGlobalSection
	GlobalSection(ExtensibilityGlobals) = postSolution
		SolutionGuid = {762232D2-F78C-44C2-A7E7-CCF950B50F45}
	EndGlobalSection
EndGlobal
